{
  "lockfile_version": "1",
  "packages": {
    "bun@latest": {
      "last_modified": "2026-01-30T02:32:49Z",
      "resolved": "github:NixOS/nixpkgs/6308c3b21396534d8aaeac46179c14c439a89b8a#bun",
      "source": "devbox-search",
      "version": "1.3.8",
      "systems": {
        "aarch64-darwin": {
          "outputs": [
            {
              "name": "out",
              "path": "/nix/store/22jgris8cr1isd8z7gy8ipbx5zzv3348-bun-1.3.8",
              "default": true
            }
          ],
          "store_path": "/nix/store/22jgris8cr1isd8z7gy8ipbx5zzv3348-bun-1.3.8"
        },
        "aarch64-linux": {
          "outputs": [
            {
              "name": "out",
              "path": "/nix/store/lff5nd9nxn82h9kg9dg3wpc172qv596h-bun-1.3.8",
              "default": true
            }
          ],
          "store_path": "/nix/store/lff5nd9nxn82h9kg9dg3wpc172qv596h-bun-1.3.8"
        },
        "x86_64-darwin": {
          "outputs": [
            {
              "name": "out",
              "path": "/nix/store/hj21vk54ildyyf9fx2ffy2wlychx52wz-bun-1.3.8",
              "default": true
            }
          ],
          "store_path": "/nix/store/hj21vk54ildyyf9fx2ffy2wlychx52wz-bun-1.3.8"
        },
        "x86_64-linux": {
          "outputs": [
            {
              "name": "out",
              "path": "/nix/store/akich5c8v8cqp55a1lixzlkhsn4bysn0-bun-1.3.8",
              "default": true
            }
          ],
          "store_path": "/nix/store/akich5c8v8cqp55a1lixzlkhsn4bysn0-bun-1.3.8"
        }
      }
    },
    "cacert@latest": {
      "last_modified": "2026-02-06T12:24:04Z",
      "resolved": "github:NixOS/nixpkgs/ae67888ff7ef9dff69b3cf0cc0fbfbcd3a722abe#cacert",
      "source": "devbox-search",
      "version": "3.119.1",
      "systems": {
        "aarch64-darwin": {
          "outputs": [
            {
              "name": "out",
              "path": "/nix/store/hdlzbkfhsvpihhwpwxskgv43pqp2x94y-nss-cacert-3.119.1",
              "default": true
            },
            {
              "name": "hashed",
              "path": "/nix/store/df0r4h0m7w6hf2hmkblih37k3cs8w2jf-nss-cacert-3.119.1-hashed"
            },
            {
              "name": "p11kit",
              "path": "/nix/store/cvw1wfmy1ipf98qvdpalaidqllj6z87b-nss-cacert-3.119.1-p11kit"
            },
            {
              "name": "unbundled",
              "path": "/nix/store/cxbv7r17cdfiqvv82y8b5387ln5sbxvr-nss-cacert-3.119.1-unbundled"
            }
          ],
          "store_path": "/nix/store/hdlzbkfhsvpihhwpwxskgv43pqp2x94y-nss-cacert-3.119.1"
        },
        "aarch64-linux": {
          "outputs": [
            {
              "name": "out",
              "path": "/nix/store/xrnx7qfbwz5yhh6n5q0fhgsmb0hg9fx1-nss-cacert-3.119.1",
              "default": true
            },
            {
              "name": "unbundled",
              "path": "/nix/store/j3bmb1s2mqbdks20wz73mh81zz7vv22i-nss-cacert-3.119.1-unbundled"
            },
            {
              "name": "hashed",
              "path": "/nix/store/xxbydzyqda6ydqjj94rpsdx002rlxy8c-nss-cacert-3.119.1-hashed"
            },
            {
              "name": "p11kit",
              "path": "/nix/store/ydi57g15k7s6vrgyw3cgr34n7bdg3yyy-nss-cacert-3.119.1-p11kit"
            }
          ],
          "store_path": "/nix/store/xrnx7qfbwz5yhh6n5q0fhgsmb0hg9fx1-nss-cacert-3.119.1"
        },
        "x86_64-darwin": {
          "outputs": [
            {
              "name": "out",
              "path": "/nix/store/xw30vcfda5qmxcaqgvmra1pj789x9l6a-nss-cacert-3.119.1",
              "default": true
            },
            {
              "name": "hashed",
              "path": "/nix/store/sxh9ircy4rgvwals9pfiydsi32g25b4g-nss-cacert-3.119.1-hashed"
            },
            {
              "name": "p11kit",
              "path": "/nix/store/whbdma670k3pqmrp90zj3pndxmrgdsf6-nss-cacert-3.119.1-p11kit"
            },
            {
              "name": "unbundled",
              "path": "/nix/store/i798k7rlws6yysxrm2kjb0gybinjs6i9-nss-cacert-3.119.1-unbundled"
            }
          ],
          "store_path": "/nix/store/xw30vcfda5qmxcaqgvmra1pj789x9l6a-nss-cacert-3.119.1"
        },
        "x86_64-linux": {
          "outputs": [
            {
              "name": "out",
              "path": "/nix/store/0fcmv6kr1qw5h2ahd95yjfcal427676j-nss-cacert-3.119.1",
              "default": true
            },
            {
              "name": "hashed",
              "path": "/nix/store/rwh9a3rjycipp2yg2g3iw2ns9367ywra-nss-cacert-3.119.1-hashed"
            },
            {
              "name": "p11kit",
              "path": "/nix/store/a2lr219dfyn771a1rsdygikfk1x156cp-nss-cacert-3.119.1-p11kit"
            },
            {
              "name": "unbundled",
              "path": "/nix/store/97gd3rfaxviv06acrxqqjkkn5pf6ja3b-nss-cacert-3.119.1-unbundled"
            }
          ],
          "store_path": "/nix/store/0fcmv6kr1qw5h2ahd95yjfcal427676j-nss-cacert-3.119.1"
        }
      }
    },
    "ducker@latest": {
      "last_modified": "2026-02-02T23:09:17Z",
      "resolved": "github:NixOS/nixpkgs/47472570b1e607482890801aeaf29bfb749884f6#ducker",
      "source": "devbox-search",
      "version": "0.6.1",
      "systems": {
        "aarch64-darwin": {
          "outputs": [
            {
              "name": "out",
              "path": "/nix/store/g1iagb60zi7a3rzk67ijlxc2nfa03p1r-ducker-0.6.1",
              "default": true
            }
          ],
          "store_path": "/nix/store/g1iagb60zi7a3rzk67ijlxc2nfa03p1r-ducker-0.6.1"
        },
        "aarch64-linux": {
          "outputs": [
            {
              "name": "out",
              "path": "/nix/store/bxwnf2gf2zhbiiz654qri3ka0hm5946x-ducker-0.6.1",
              "default": true
            }
          ],
          "store_path": "/nix/store/bxwnf2gf2zhbiiz654qri3ka0hm5946x-ducker-0.6.1"
        },
        "x86_64-darwin": {
          "outputs": [
            {
              "name": "out",
              "path": "/nix/store/6ir81g9j7bbdjdvwpdg1p5vddn6sikb1-ducker-0.6.1",
              "default": true
            }
          ],
          "store_path": "/nix/store/6ir81g9j7bbdjdvwpdg1p5vddn6sikb1-ducker-0.6.1"
        },
        "x86_64-linux": {
          "outputs": [
            {
              "name": "out",
              "path": "/nix/store/czpcq282gmk69vi6g51mjfj56q0b2lkk-ducker-0.6.1",
              "default": true
            }
          ],
          "store_path": "/nix/store/czpcq282gmk69vi6g51mjfj56q0b2lkk-ducker-0.6.1"
        }
      }
    },
    "github:NixOS/nixpkgs/nixpkgs-unstable": {
      "last_modified": "2026-02-11T21:01:36Z",
      "resolved": "github:NixOS/nixpkgs/2343bbb58f99267223bc2aac4fc9ea301a155a16?lastModified=1770843696&narHash=sha256-LovWTGDwXhkfCOmbgLVA10bvsi%2FP8eDDpRudgk68HA8%3D"
    },
    "github:dagger/nix#packages.x86_64-linux.container-use": {
      "last_modified": "2026-02-05T23:50:55Z",
      "resolved": "github:dagger/nix/e236052a8312eee5b8358cbfcd3a57ee6ceb7765?lastModified=1770335455&narHash=sha256-3%2BMXZ2A7WK6H5lfrdIMemYHhrmLNH9NvvJIQWeQk6EQ%3D#packages.x86_64-linux.container-use"
    },
    "github:dagger/nix#packages.x86_64-linux.dagger": {
      "last_modified": "2026-02-05T23:50:55Z",
      "resolved": "github:dagger/nix/e236052a8312eee5b8358cbfcd3a57ee6ceb7765?lastModified=1770335455&narHash=sha256-3%2BMXZ2A7WK6H5lfrdIMemYHhrmLNH9NvvJIQWeQk6EQ%3D#packages.x86_64-linux.dagger"
    },
    "jaq@latest": {
      "last_modified": "2026-01-23T17:20:52Z",
      "resolved": "github:NixOS/nixpkgs/a1bab9e494f5f4939442a57a58d0449a109593fe#jaq",
      "source": "devbox-search",
      "version": "2.3.0",
      "systems": {
        "aarch64-darwin": {
          "outputs": [
            {
              "name": "out",
              "path": "/nix/store/ja1k08q7wd374xgildpz817li4sji7cv-jaq-2.3.0",
              "default": true
            }
          ],
          "store_path": "/nix/store/ja1k08q7wd374xgildpz817li4sji7cv-jaq-2.3.0"
        },
        "aarch64-linux": {
          "outputs": [
            {
              "name": "out",
              "path": "/nix/store/2nwr2ksqrwm04npyvbjfssmfhqbqkcij-jaq-2.3.0",
              "default": true
            }
          ],
          "store_path": "/nix/store/2nwr2ksqrwm04npyvbjfssmfhqbqkcij-jaq-2.3.0"
        },
        "x86_64-darwin": {
          "outputs": [
            {
              "name": "out",
              "path": "/nix/store/ipl9mz95rf4gifjhzajr5rlpcng2r8y9-jaq-2.3.0",
              "default": true
            }
          ],
          "store_path": "/nix/store/ipl9mz95rf4gifjhzajr5rlpcng2r8y9-jaq-2.3.0"
        },
        "x86_64-linux": {
          "outputs": [
            {
              "name": "out",
              "path": "/nix/store/c3mj2gnvpw8qp00mjgldnrpkznxqx9bi-jaq-2.3.0",
              "default": true
            }
          ],
          "store_path": "/nix/store/c3mj2gnvpw8qp00mjgldnrpkznxqx9bi-jaq-2.3.0"
        }
      }
    },
    "mitmproxy@latest": {
      "last_modified": "2026-02-06T12:24:04Z",
      "resolved": "github:NixOS/nixpkgs/ae67888ff7ef9dff69b3cf0cc0fbfbcd3a722abe#mitmproxy",
      "source": "devbox-search",
      "version": "12.2.1",
      "systems": {
        "aarch64-darwin": {
          "outputs": [
            {
              "name": "out",
              "path": "/nix/store/1g750mvks4r91fww9kxlwmkwqcmzs039-python3.13-mitmproxy-12.2.1",
              "default": true
            },
            {
              "name": "dist",
              "path": "/nix/store/fg4zvfgjdcmrq1rrykc5bhwzvm97m9hq-python3.13-mitmproxy-12.2.1-dist"
            }
          ],
          "store_path": "/nix/store/1g750mvks4r91fww9kxlwmkwqcmzs039-python3.13-mitmproxy-12.2.1"
        },
        "aarch64-linux": {
          "outputs": [
            {
              "name": "out",
              "path": "/nix/store/lfvrk6g8jmcxq9q5mv2wy088q1y97fq1-python3.13-mitmproxy-12.2.1",
              "default": true
            },
            {
              "name": "dist",
              "path": "/nix/store/bsdbffs5fidiax5qjl9ssfaq1iqvbgx4-python3.13-mitmproxy-12.2.1-dist"
            }
          ],
          "store_path": "/nix/store/lfvrk6g8jmcxq9q5mv2wy088q1y97fq1-python3.13-mitmproxy-12.2.1"
        },
        "x86_64-darwin": {
          "outputs": [
            {
              "name": "out",
              "path": "/nix/store/2d9qyl31ia0fkdijkz653cd3zigfx3jj-python3.13-mitmproxy-12.2.1",
              "default": true
            },
            {
              "name": "dist",
              "path": "/nix/store/r103phg9r5s9l2r33dgsdacd74b8fr3j-python3.13-mitmproxy-12.2.1-dist"
            }
          ],
          "store_path": "/nix/store/2d9qyl31ia0fkdijkz653cd3zigfx3jj-python3.13-mitmproxy-12.2.1"
        },
        "x86_64-linux": {
          "outputs": [
            {
              "name": "out",
              "path": "/nix/store/zbmxhzgg4vjq5wfahyh301dnwwmfcshd-python3.13-mitmproxy-12.2.1",
              "default": true
            },
            {
              "name": "dist",
              "path": "/nix/store/lz6md23lyi7x48ynknly0vn7ha831v0h-python3.13-mitmproxy-12.2.1-dist"
            }
          ],
          "store_path": "/nix/store/zbmxhzgg4vjq5wfahyh301dnwwmfcshd-python3.13-mitmproxy-12.2.1"
        }
      }
    },
    "mkcert@latest": {
      "last_modified": "2026-01-23T17:20:52Z",
      "resolved": "github:NixOS/nixpkgs/a1bab9e494f5f4939442a57a58d0449a109593fe#mkcert",
      "source": "devbox-search",
      "version": "1.4.4",
      "systems": {
        "aarch64-darwin": {
          "outputs": [
            {
              "name": "out",
              "path": "/nix/store/irhd9cah42ygx3pklszhvi43vhjk51kh-mkcert-1.4.4",
              "default": true
            }
          ],
          "store_path": "/nix/store/irhd9cah42ygx3pklszhvi43vhjk51kh-mkcert-1.4.4"
        },
        "aarch64-linux": {
          "outputs": [
            {
              "name": "out",
              "path": "/nix/store/8b4mqldjr56rpwkbi8pwcppczx3z4kw2-mkcert-1.4.4",
              "default": true
            }
          ],
          "store_path": "/nix/store/8b4mqldjr56rpwkbi8pwcppczx3z4kw2-mkcert-1.4.4"
        },
        "x86_64-darwin": {
          "outputs": [
            {
              "name": "out",
              "path": "/nix/store/25w2kcxrmi58ig9lakfk8lv70lidcdal-mkcert-1.4.4",
              "default": true
            }
          ],
          "store_path": "/nix/store/25w2kcxrmi58ig9lakfk8lv70lidcdal-mkcert-1.4.4"
        },
        "x86_64-linux": {
          "outputs": [
            {
              "name": "out",
              "path": "/nix/store/ygscfk5q077pv6vzyw8j7g109x8lzcrm-mkcert-1.4.4",
              "default": true
            }
          ],
          "store_path": "/nix/store/ygscfk5q077pv6vzyw8j7g109x8lzcrm-mkcert-1.4.4"
        }
      }
    },
    "nix-prefetch-docker@latest": {
      "last_modified": "2026-01-31T12:06:42Z",
      "resolved": "github:NixOS/nixpkgs/f214de98544a6acf0d9917ba265ac50849048fcb#nix-prefetch-docker",
      "source": "devbox-search",
      "systems": {
        "aarch64-darwin": {
          "outputs": [
            {
              "name": "out",
              "path": "/nix/store/5cdrh2b1q7vyd7mzpvfypxndm704z8nb-nix-prefetch-docker",
              "default": true
            }
          ],
          "store_path": "/nix/store/5cdrh2b1q7vyd7mzpvfypxndm704z8nb-nix-prefetch-docker"
        },
        "aarch64-linux": {
          "outputs": [
            {
              "name": "out",
              "path": "/nix/store/m3ygc98dk4i6j24n8gmfwx3xqhry6zk3-nix-prefetch-docker",
              "default": true
            }
          ],
          "store_path": "/nix/store/m3ygc98dk4i6j24n8gmfwx3xqhry6zk3-nix-prefetch-docker"
        },
        "x86_64-darwin": {
          "outputs": [
            {
              "name": "out",
              "path": "/nix/store/mpilnbvhalnb6m6hli5ghmvd5i0aa70k-nix-prefetch-docker",
              "default": true
            }
          ],
          "store_path": "/nix/store/mpilnbvhalnb6m6hli5ghmvd5i0aa70k-nix-prefetch-docker"
        },
        "x86_64-linux": {
          "outputs": [
            {
              "name": "out",
              "path": "/nix/store/gdfm7gisfvdl75li05lq7q75iywdsiv2-nix-prefetch-docker",
              "default": true
            }
          ],
          "store_path": "/nix/store/gdfm7gisfvdl75li05lq7q75iywdsiv2-nix-prefetch-docker"
        }
      }
    },
    "nixos-anywhere@latest": {
      "last_modified": "2026-01-31T12:06:42Z",
      "resolved": "github:NixOS/nixpkgs/f214de98544a6acf0d9917ba265ac50849048fcb#nixos-anywhere",
      "source": "devbox-search",
      "version": "1.13.0",
      "systems": {
        "aarch64-darwin": {
          "outputs": [
            {
              "name": "out",
              "path": "/nix/store/wxzj5s2rph0aph3l4r1c75i04g5khsz5-nixos-anywhere-1.13.0",
              "default": true
            }
          ],
          "store_path": "/nix/store/wxzj5s2rph0aph3l4r1c75i04g5khsz5-nixos-anywhere-1.13.0"
        },
        "aarch64-linux": {
          "outputs": [
            {
              "name": "out",
              "path": "/nix/store/8lsn43dg5g83wybm8bkljfqxgrvysk08-nixos-anywhere-1.13.0",
              "default": true
            }
          ],
          "store_path": "/nix/store/8lsn43dg5g83wybm8bkljfqxgrvysk08-nixos-anywhere-1.13.0"
        },
        "x86_64-darwin": {
          "outputs": [
            {
              "name": "out",
              "path": "/nix/store/0pv9f8xw9345c1cq11v3jcryhpdsx43b-nixos-anywhere-1.13.0",
              "default": true
            }
          ],
          "store_path": "/nix/store/0pv9f8xw9345c1cq11v3jcryhpdsx43b-nixos-anywhere-1.13.0"
        },
        "x86_64-linux": {
          "outputs": [
            {
              "name": "out",
              "path": "/nix/store/db3bc2jbp6mpzh9ml7r65iikqf0gn064-nixos-anywhere-1.13.0",
              "default": true
            }
          ],
          "store_path": "/nix/store/db3bc2jbp6mpzh9ml7r65iikqf0gn064-nixos-anywhere-1.13.0"
        }
      }
    },
    "nodejs@latest": {
      "last_modified": "2026-02-03T17:56:14Z",
      "plugin_version": "0.0.2",
      "resolved": "github:NixOS/nixpkgs/41965737c1797c1d83cfb0b644ed0840a6220bd1#nodejs_25",
      "source": "devbox-search",
      "version": "25.6.0",
      "systems": {
        "aarch64-darwin": {
          "outputs": [
            {
              "name": "out",
              "path": "/nix/store/8c4nmc0bf68hjwqynn6akiyf6wpig1w1-nodejs-25.6.0",
              "default": true
            },
            {
              "name": "dev",
              "path": "/nix/store/5w3rd6zkcllysnjza8zzxpigx1f2ylb0-nodejs-25.6.0-dev"
            },
            {
              "name": "libv8",
              "path": "/nix/store/kzds777k7j3b9m9h7xvmgfk0ns5b9s1x-nodejs-25.6.0-libv8"
            }
          ],
          "store_path": "/nix/store/8c4nmc0bf68hjwqynn6akiyf6wpig1w1-nodejs-25.6.0"
        },
        "aarch64-linux": {
          "outputs": [
            {
              "name": "out",
              "path": "/nix/store/jvl4b0b0k3xhrva7zqqbi86l6vd1v95z-nodejs-25.6.0",
              "default": true
            },
            {
              "name": "dev",
              "path": "/nix/store/v384glc8b42ka95z6zdiq1xcd2lv109n-nodejs-25.6.0-dev"
            },
            {
              "name": "libv8",
              "path": "/nix/store/6390j96zq92fmx2w1jk1q8fz367dvaqr-nodejs-25.6.0-libv8"
            }
          ],
          "store_path": "/nix/store/jvl4b0b0k3xhrva7zqqbi86l6vd1v95z-nodejs-25.6.0"
        },
        "x86_64-darwin": {
          "outputs": [
            {
              "name": "out",
              "path": "/nix/store/ynv28gii2ajgbljvg86c2z8bqc6vbdi4-nodejs-25.6.0",
              "default": true
            },
            {
              "name": "dev",
              "path": "/nix/store/n36qglbhcjaa70vz77gqkgv9znbjv3ma-nodejs-25.6.0-dev"
            },
            {
              "name": "libv8",
              "path": "/nix/store/1s644jkkd03nc75k4vkvcg5gnnz8gscf-nodejs-25.6.0-libv8"
            }
          ],
          "store_path": "/nix/store/ynv28gii2ajgbljvg86c2z8bqc6vbdi4-nodejs-25.6.0"
        },
        "x86_64-linux": {
          "outputs": [
            {
              "name": "out",
              "path": "/nix/store/x7mahrb2pll9cnzr495i0bvm3ga2n5a8-nodejs-25.6.0",
              "default": true
            },
            {
              "name": "dev",
              "path": "/nix/store/06dwppmr769vflfnpayy2y461qzfgm41-nodejs-25.6.0-dev"
            },
            {
              "name": "libv8",
              "path": "/nix/store/y4d13cm8giv6n6fw1406cwq1hgnhrx36-nodejs-25.6.0-libv8"
            }
          ],
          "store_path": "/nix/store/x7mahrb2pll9cnzr495i0bvm3ga2n5a8-nodejs-25.6.0"
        }
      }
    },
    "openssl@latest": {
      "last_modified": "2025-12-05T06:24:47Z",
      "resolved": "github:NixOS/nixpkgs/42e29df35be6ef54091d3a3b4e97056ce0a98ce8#openssl",
      "source": "devbox-search",
      "version": "3.6.0",
      "systems": {
        "aarch64-darwin": {
          "outputs": [
            {
              "name": "bin",
              "path": "/nix/store/z9prisxci5h5lsk3rdknd4jzq7k9q13d-openssl-3.6.0-bin",
              "default": true
            },
            {
              "name": "man",
              "path": "/nix/store/ii9mnzr3i92mgk9dkgg65739mavd0j6f-openssl-3.6.0-man",
              "default": true
            },
            {
              "name": "dev",
              "path": "/nix/store/h0qgqik0mk0wn7rmm2kk3grfi1wzly74-openssl-3.6.0-dev"
            },
            {
              "name": "doc",
              "path": "/nix/store/yx3ip21fdaaxpjn5fbir02mqnaw9cm4f-openssl-3.6.0-doc"
            },
            {
              "name": "out",
              "path": "/nix/store/3z54dgks2mz3dhwddj158sdibll8xmq5-openssl-3.6.0"
            }
          ],
          "store_path": "/nix/store/z9prisxci5h5lsk3rdknd4jzq7k9q13d-openssl-3.6.0-bin"
        },
        "aarch64-linux": {
          "outputs": [
            {
              "name": "bin",
              "path": "/nix/store/wb6q44n9kcb5acmaa4rgqsajadx1fhhl-openssl-3.6.0-bin",
              "default": true
            },
            {
              "name": "man",
              "path": "/nix/store/c9n1alb7ypzjvzd47m16fiwfczz23qs3-openssl-3.6.0-man",
              "default": true
            },
            {
              "name": "debug",
              "path": "/nix/store/ci6d4k1sj4bnr892lsrqqmjiihqsk0bl-openssl-3.6.0-debug"
            },
            {
              "name": "dev",
              "path": "/nix/store/pq8b7fb3282g68pmk14mbyi20qn6chid-openssl-3.6.0-dev"
            },
            {
              "name": "doc",
              "path": "/nix/store/vaplp6w56dyz38986bgkf0pbg3r486b2-openssl-3.6.0-doc"
            },
            {
              "name": "out",
              "path": "/nix/store/nj50gkyx813dxvfmsg1q8m330hmf3h86-openssl-3.6.0"
            }
          ],
          "store_path": "/nix/store/wb6q44n9kcb5acmaa4rgqsajadx1fhhl-openssl-3.6.0-bin"
        },
        "x86_64-darwin": {
          "outputs": [
            {
              "name": "bin",
              "path": "/nix/store/m3xwn9n0jypwjgi256idfzs979g30j29-openssl-3.6.0-bin",
              "default": true
            },
            {
              "name": "man",
              "path": "/nix/store/hw43f3y1vl7ydrd4samnwnrwqqwkpisv-openssl-3.6.0-man",
              "default": true
            },
            {
              "name": "dev",
              "path": "/nix/store/dirjrfjk8jgsbdpslgb51cav6qaxn2vm-openssl-3.6.0-dev"
            },
            {
              "name": "doc",
              "path": "/nix/store/va1zhkz0nfmycvd0h239hi4w40qgaxcx-openssl-3.6.0-doc"
            },
            {
              "name": "out",
              "path": "/nix/store/q9a4wssx24xsy28w8kifdqizc01fh7sc-openssl-3.6.0"
            }
          ],
          "store_path": "/nix/store/m3xwn9n0jypwjgi256idfzs979g30j29-openssl-3.6.0-bin"
        },
        "x86_64-linux": {
          "outputs": [
            {
              "name": "bin",
              "path": "/nix/store/k0gl1zc7f5hk87lylxwbipb0b870bcmk-openssl-3.6.0-bin",
              "default": true
            },
            {
              "name": "man",
              "path": "/nix/store/a9jdl6xq9fc98ykpvqmc9kf0b0j9y8wh-openssl-3.6.0-man",
              "default": true
            },
            {
              "name": "debug",
              "path": "/nix/store/sqv8kbdgfxlr2d6nysr8c2715qpsi6f5-openssl-3.6.0-debug"
            },
            {
              "name": "dev",
              "path": "/nix/store/ydrckgnllgg8nmhdwni81h7xhcpnrlhd-openssl-3.6.0-dev"
            },
            {
              "name": "doc",
              "path": "/nix/store/cgp9ig35iwicfb9spcrgyg2m5dmlcgrv-openssl-3.6.0-doc"
            },
            {
              "name": "out",
              "path": "/nix/store/61i74yjkj9p1qphfl7018ja4sdwkipx0-openssl-3.6.0"
            }
          ],
          "store_path": "/nix/store/k0gl1zc7f5hk87lylxwbipb0b870bcmk-openssl-3.6.0-bin"
        }
      }
    },
    "pgcli@latest": {
      "last_modified": "2026-01-30T02:32:49Z",
      "resolved": "github:NixOS/nixpkgs/6308c3b21396534d8aaeac46179c14c439a89b8a#pgcli",
      "source": "devbox-search",
      "version": "4.4.0",
      "systems": {
        "aarch64-darwin": {
          "outputs": [
            {
              "name": "out",
              "path": "/nix/store/v7knqfli92f0ka2marmlm0fsrsgm0lg8-python3.13-pgcli-4.4.0",
              "default": true
            },
            {
              "name": "dist",
              "path": "/nix/store/4dv41dbfw79fp604lpm4bds1fhqq20wv-python3.13-pgcli-4.4.0-dist"
            }
          ],
          "store_path": "/nix/store/v7knqfli92f0ka2marmlm0fsrsgm0lg8-python3.13-pgcli-4.4.0"
        },
        "aarch64-linux": {
          "outputs": [
            {
              "name": "out",
              "path": "/nix/store/mbfya7ybkv9n2w856dhikhccxqcdfnk8-python3.13-pgcli-4.4.0",
              "default": true
            },
            {
              "name": "dist",
              "path": "/nix/store/msdlilhgyybhvnzjq9mqlhxj6x6v2ydh-python3.13-pgcli-4.4.0-dist"
            }
          ],
          "store_path": "/nix/store/mbfya7ybkv9n2w856dhikhccxqcdfnk8-python3.13-pgcli-4.4.0"
        },
        "x86_64-darwin": {
          "outputs": [
            {
              "name": "out",
              "path": "/nix/store/kcpy96mdf7dpfmrp79kf286d975h7ka6-python3.13-pgcli-4.4.0",
              "default": true
            },
            {
              "name": "dist",
              "path": "/nix/store/a7i5b47r495xcj0q71xp1958gzjk51cj-python3.13-pgcli-4.4.0-dist"
            }
          ],
          "store_path": "/nix/store/kcpy96mdf7dpfmrp79kf286d975h7ka6-python3.13-pgcli-4.4.0"
        },
        "x86_64-linux": {
          "outputs": [
            {
              "name": "out",
              "path": "/nix/store/p0hpl25ry4bd4p6b65lz73dwcaw5m7s6-python3.13-pgcli-4.4.0",
              "default": true
            },
            {
              "name": "dist",
              "path": "/nix/store/7iadx1vsqq5mgfa9j6chbaz3lbs7v3dw-python3.13-pgcli-4.4.0-dist"
            }
          ],
          "store_path": "/nix/store/p0hpl25ry4bd4p6b65lz73dwcaw5m7s6-python3.13-pgcli-4.4.0"
        }
      }
    },
    "prefetch-npm-deps@latest": {
      "last_modified": "2026-01-23T17:20:52Z",
      "resolved": "github:NixOS/nixpkgs/a1bab9e494f5f4939442a57a58d0449a109593fe#prefetch-npm-deps",
      "source": "devbox-search",
      "version": "0.1.0",
      "systems": {
        "aarch64-darwin": {
          "outputs": [
            {
              "name": "out",
              "path": "/nix/store/gb7k0z49wwy3yzsxg9h2rx6v7d4pwxr5-prefetch-npm-deps-0.1.0",
              "default": true
            }
          ],
          "store_path": "/nix/store/gb7k0z49wwy3yzsxg9h2rx6v7d4pwxr5-prefetch-npm-deps-0.1.0"
        },
        "aarch64-linux": {
          "outputs": [
            {
              "name": "out",
              "path": "/nix/store/rja67vpcgjwhvz06zgmi9bflahdh66fv-prefetch-npm-deps-0.1.0",
              "default": true
            }
          ],
          "store_path": "/nix/store/rja67vpcgjwhvz06zgmi9bflahdh66fv-prefetch-npm-deps-0.1.0"
        },
        "x86_64-darwin": {
          "outputs": [
            {
              "name": "out",
              "path": "/nix/store/91p7gvx540xszarjwsfz0mymi8wnqdjb-prefetch-npm-deps-0.1.0",
              "default": true
            }
          ],
          "store_path": "/nix/store/91p7gvx540xszarjwsfz0mymi8wnqdjb-prefetch-npm-deps-0.1.0"
        },
        "x86_64-linux": {
          "outputs": [
            {
              "name": "out",
              "path": "/nix/store/r4dssxi6gbysr60wp1ggq68i3arlsk5x-prefetch-npm-deps-0.1.0",
              "default": true
            }
          ],
          "store_path": "/nix/store/r4dssxi6gbysr60wp1ggq68i3arlsk5x-prefetch-npm-deps-0.1.0"
        }
      }
    },
    "ragenix@latest": {
      "last_modified": "2026-01-31T12:06:42Z",
      "resolved": "github:NixOS/nixpkgs/f214de98544a6acf0d9917ba265ac50849048fcb#ragenix",
      "source": "devbox-search",
      "version": "2025.03.09",
      "systems": {
        "aarch64-darwin": {
          "outputs": [
            {
              "name": "out",
              "path": "/nix/store/s43jdhk61g60s8m0fh20k0s3cxdiiqi0-ragenix-2025.03.09",
              "default": true
            }
          ],
          "store_path": "/nix/store/s43jdhk61g60s8m0fh20k0s3cxdiiqi0-ragenix-2025.03.09"
        },
        "aarch64-linux": {
          "outputs": [
            {
              "name": "out",
              "path": "/nix/store/wh2jmv47q7p103kiry8xf816wyynbnbl-ragenix-2025.03.09",
              "default": true
            }
          ],
          "store_path": "/nix/store/wh2jmv47q7p103kiry8xf816wyynbnbl-ragenix-2025.03.09"
        },
        "x86_64-darwin": {
          "outputs": [
            {
              "name": "out",
              "path": "/nix/store/x9na5709y3akq3jf9rklnpzyzqn7pvhx-ragenix-2025.03.09",
              "default": true
            }
          ],
          "store_path": "/nix/store/x9na5709y3akq3jf9rklnpzyzqn7pvhx-ragenix-2025.03.09"
        },
        "x86_64-linux": {
          "outputs": [
            {
              "name": "out",
              "path": "/nix/store/7wji2cyldmiimn6rnfmkhlm1m1f55ayx-ragenix-2025.03.09",
              "default": true
            }
          ],
          "store_path": "/nix/store/7wji2cyldmiimn6rnfmkhlm1m1f55ayx-ragenix-2025.03.09"
        }
      }
    },
    "skopeo@latest": {
      "last_modified": "2026-01-24T06:57:54Z",
      "resolved": "github:NixOS/nixpkgs/523257564973361cc3e55e3df3e77e68c20b0b80#skopeo",
      "source": "devbox-search",
      "version": "1.21.0",
      "systems": {
        "aarch64-darwin": {
          "outputs": [
            {
              "name": "out",
              "path": "/nix/store/5rg9nam8s60ri2gpm3npk1jxidcq8iy7-skopeo-1.21.0",
              "default": true
            },
            {
              "name": "man",
              "path": "/nix/store/rb5s5si21vj7qpwd9s8idf61qqf57zz8-skopeo-1.21.0-man",
              "default": true
            }
          ],
          "store_path": "/nix/store/5rg9nam8s60ri2gpm3npk1jxidcq8iy7-skopeo-1.21.0"
        },
        "aarch64-linux": {
          "outputs": [
            {
              "name": "out",
              "path": "/nix/store/2ifdy4nqxgx16qdjl7hri4f9q5sif59j-skopeo-1.21.0",
              "default": true
            },
            {
              "name": "man",
              "path": "/nix/store/nphp9dksdbcaljaclk4c38rjjzrr84ga-skopeo-1.21.0-man",
              "default": true
            }
          ],
          "store_path": "/nix/store/2ifdy4nqxgx16qdjl7hri4f9q5sif59j-skopeo-1.21.0"
        },
        "x86_64-darwin": {
          "outputs": [
            {
              "name": "out",
              "path": "/nix/store/y0jkhh5fc8m90sbdfy8bj4zjwbnq1sj1-skopeo-1.21.0",
              "default": true
            },
            {
              "name": "man",
              "path": "/nix/store/mklgipzpkg988fd1q5lsf084y36s87x1-skopeo-1.21.0-man",
              "default": true
            }
          ],
          "store_path": "/nix/store/y0jkhh5fc8m90sbdfy8bj4zjwbnq1sj1-skopeo-1.21.0"
        },
        "x86_64-linux": {
          "outputs": [
            {
              "name": "out",
              "path": "/nix/store/y201xbcq049ad9irjvlhayhqskxh9b35-skopeo-1.21.0",
              "default": true
            },
            {
              "name": "man",
              "path": "/nix/store/kacgiyd1qsk1i27n1mnjj1cxjma730jr-skopeo-1.21.0-man",
              "default": true
            }
          ],
          "store_path": "/nix/store/y201xbcq049ad9irjvlhayhqskxh9b35-skopeo-1.21.0"
        }
      }
    },
    "xh@latest": {
      "last_modified": "2026-01-23T17:20:52Z",
      "resolved": "github:NixOS/nixpkgs/a1bab9e494f5f4939442a57a58d0449a109593fe#xh",
      "source": "devbox-search",
      "version": "0.25.3",
      "systems": {
        "aarch64-darwin": {
          "outputs": [
            {
              "name": "out",
              "path": "/nix/store/kjvapgss7icj8fm0l3kpim4zhvmy937j-xh-0.25.3",
              "default": true
            }
          ],
          "store_path": "/nix/store/kjvapgss7icj8fm0l3kpim4zhvmy937j-xh-0.25.3"
        },
        "aarch64-linux": {
          "outputs": [
            {
              "name": "out",
              "path": "/nix/store/p77pm75xlxqx9fxpj15wpk0fjrh79k36-xh-0.25.3",
              "default": true
            }
          ],
          "store_path": "/nix/store/p77pm75xlxqx9fxpj15wpk0fjrh79k36-xh-0.25.3"
        },
        "x86_64-darwin": {
          "outputs": [
            {
              "name": "out",
              "path": "/nix/store/p8sg87r9g1k1rvnmvlnjvd0saa12yzm8-xh-0.25.3",
              "default": true
            }
          ],
          "store_path": "/nix/store/p8sg87r9g1k1rvnmvlnjvd0saa12yzm8-xh-0.25.3"
        },
        "x86_64-linux": {
          "outputs": [
            {
              "name": "out",
              "path": "/nix/store/8xjvwh4h1avgc8507526zrcn0dwx42d3-xh-0.25.3",
              "default": true
            }
          ],
          "store_path": "/nix/store/8xjvwh4h1avgc8507526zrcn0dwx42d3-xh-0.25.3"
        }
      }
    }
  }
}
