{
  "lockfile_version": "1",
  "packages": {
    "bun@latest": {
      "last_modified": "2025-12-31T03:27:36Z",
      "resolved": "github:NixOS/nixpkgs/f665af0cdb70ed27e1bd8f9fdfecaf451260fc55#bun",
      "source": "devbox-search",
      "version": "1.3.5",
      "systems": {
        "aarch64-darwin": {
          "outputs": [
            {
              "name": "out",
              "path": "/nix/store/l95lxycv81h0dd313cznpkqjqyny7fnl-bun-1.3.5",
              "default": true
            }
          ],
          "store_path": "/nix/store/l95lxycv81h0dd313cznpkqjqyny7fnl-bun-1.3.5"
        },
        "aarch64-linux": {
          "outputs": [
            {
              "name": "out",
              "path": "/nix/store/64zyjf8y41ddxys3c8fswmfjl7a1dq0r-bun-1.3.5",
              "default": true
            }
          ],
          "store_path": "/nix/store/64zyjf8y41ddxys3c8fswmfjl7a1dq0r-bun-1.3.5"
        },
        "x86_64-darwin": {
          "outputs": [
            {
              "name": "out",
              "path": "/nix/store/bigwxxi4a1plg9cssmv7l0llmna0j5gk-bun-1.3.5",
              "default": true
            }
          ],
          "store_path": "/nix/store/bigwxxi4a1plg9cssmv7l0llmna0j5gk-bun-1.3.5"
        },
        "x86_64-linux": {
          "outputs": [
            {
              "name": "out",
              "path": "/nix/store/qgwwg2jr2yrksig72y9cmhj65bdcnxhn-bun-1.3.5",
              "default": true
            }
          ],
          "store_path": "/nix/store/qgwwg2jr2yrksig72y9cmhj65bdcnxhn-bun-1.3.5"
        }
      }
    },
    "ducker@latest": {
      "last_modified": "2025-12-31T03:27:36Z",
      "resolved": "github:NixOS/nixpkgs/f665af0cdb70ed27e1bd8f9fdfecaf451260fc55#ducker",
      "source": "devbox-search",
      "version": "0.5.6",
      "systems": {
        "aarch64-darwin": {
          "outputs": [
            {
              "name": "out",
              "path": "/nix/store/83pj0slysn3rzlakwy15ipp2ghpw6jbf-ducker-0.5.6",
              "default": true
            }
          ],
          "store_path": "/nix/store/83pj0slysn3rzlakwy15ipp2ghpw6jbf-ducker-0.5.6"
        },
        "aarch64-linux": {
          "outputs": [
            {
              "name": "out",
              "path": "/nix/store/gq4kwpax7rvn1d4s8liy7cbbprnb3jvc-ducker-0.5.6",
              "default": true
            }
          ],
          "store_path": "/nix/store/gq4kwpax7rvn1d4s8liy7cbbprnb3jvc-ducker-0.5.6"
        },
        "x86_64-darwin": {
          "outputs": [
            {
              "name": "out",
              "path": "/nix/store/p1bw8qb14n3bh9j1zrkkcw1jh6yphcib-ducker-0.5.6",
              "default": true
            }
          ],
          "store_path": "/nix/store/p1bw8qb14n3bh9j1zrkkcw1jh6yphcib-ducker-0.5.6"
        },
        "x86_64-linux": {
          "outputs": [
            {
              "name": "out",
              "path": "/nix/store/cm7iqagig6jpdbjm3x20p969yypp0dik-ducker-0.5.6",
              "default": true
            }
          ],
          "store_path": "/nix/store/cm7iqagig6jpdbjm3x20p969yypp0dik-ducker-0.5.6"
        }
      }
    },
    "github:NixOS/nixpkgs/nixpkgs-unstable": {
      "last_modified": "2026-01-11T16:44:50Z",
      "resolved": "github:NixOS/nixpkgs/4d113fe1f7bb454435a5cabae6cd283e64191bb7?lastModified=1768149890&narHash=sha256-iihg1oHkVkYHD1pFQifGEP%2BRw1g%2BLZQyDNbtAqpXtNM%3D"
    },
    "github:dagger/nix#packages.x86_64-linux.dagger": {
      "last_modified": "2026-01-07T23:25:39Z",
      "resolved": "github:dagger/nix/6906a3d0b8ee02a5f9565cbea0f372f8c99e4146?lastModified=1767828339&narHash=sha256-ZGz%2Fj8PK5mTd4dLVf%2B1vn6HoliO9DBC%2FyhLnxTxxpks%3D#packages.x86_64-linux.dagger"
    },
    "jaq@latest": {
      "last_modified": "2025-12-31T03:27:36Z",
      "resolved": "github:NixOS/nixpkgs/f665af0cdb70ed27e1bd8f9fdfecaf451260fc55#jaq",
      "source": "devbox-search",
      "version": "2.3.0",
      "systems": {
        "aarch64-darwin": {
          "outputs": [
            {
              "name": "out",
              "path": "/nix/store/s7yfkk2jdkq69j1am2c38r79mpimhiqk-jaq-2.3.0",
              "default": true
            }
          ],
          "store_path": "/nix/store/s7yfkk2jdkq69j1am2c38r79mpimhiqk-jaq-2.3.0"
        },
        "aarch64-linux": {
          "outputs": [
            {
              "name": "out",
              "path": "/nix/store/pf488fls85lslgrafkwm0i5c4fkl9hzx-jaq-2.3.0",
              "default": true
            }
          ],
          "store_path": "/nix/store/pf488fls85lslgrafkwm0i5c4fkl9hzx-jaq-2.3.0"
        },
        "x86_64-darwin": {
          "outputs": [
            {
              "name": "out",
              "path": "/nix/store/c3ydpbxhp4rkcj28mymkjb98m3w04zfm-jaq-2.3.0",
              "default": true
            }
          ],
          "store_path": "/nix/store/c3ydpbxhp4rkcj28mymkjb98m3w04zfm-jaq-2.3.0"
        },
        "x86_64-linux": {
          "outputs": [
            {
              "name": "out",
              "path": "/nix/store/2a3njj0anwimwj9vgi30qvjfky3n6m3f-jaq-2.3.0",
              "default": true
            }
          ],
          "store_path": "/nix/store/2a3njj0anwimwj9vgi30qvjfky3n6m3f-jaq-2.3.0"
        }
      }
    },
    "mitmproxy@latest": {
      "last_modified": "2025-12-31T03:27:36Z",
      "resolved": "github:NixOS/nixpkgs/f665af0cdb70ed27e1bd8f9fdfecaf451260fc55#mitmproxy",
      "source": "devbox-search",
      "version": "12.2.1",
      "systems": {
        "aarch64-darwin": {
          "outputs": [
            {
              "name": "out",
              "path": "/nix/store/58anvp7bsh3qzaygjs7gfyrpclc0znka-python3.13-mitmproxy-12.2.1",
              "default": true
            },
            {
              "name": "dist",
              "path": "/nix/store/zgq7izz7lq0wxx78zkk2pk9jqa3w5kxc-python3.13-mitmproxy-12.2.1-dist"
            }
          ],
          "store_path": "/nix/store/58anvp7bsh3qzaygjs7gfyrpclc0znka-python3.13-mitmproxy-12.2.1"
        },
        "aarch64-linux": {
          "outputs": [
            {
              "name": "out",
              "path": "/nix/store/pjxbah2nclwkvy8zfjgnqcgsh8mxywry-python3.13-mitmproxy-12.2.1",
              "default": true
            },
            {
              "name": "dist",
              "path": "/nix/store/r9xghndbhaxzwrg1dq20kw0218xfn5rw-python3.13-mitmproxy-12.2.1-dist"
            }
          ],
          "store_path": "/nix/store/pjxbah2nclwkvy8zfjgnqcgsh8mxywry-python3.13-mitmproxy-12.2.1"
        },
        "x86_64-darwin": {
          "outputs": [
            {
              "name": "out",
              "path": "/nix/store/yy7csgk7jz6v2mfsdzdm8lxbz7028iak-python3.13-mitmproxy-12.2.1",
              "default": true
            },
            {
              "name": "dist",
              "path": "/nix/store/dz3adzyxg2fivvwa90fdbx5a0dfn05j4-python3.13-mitmproxy-12.2.1-dist"
            }
          ],
          "store_path": "/nix/store/yy7csgk7jz6v2mfsdzdm8lxbz7028iak-python3.13-mitmproxy-12.2.1"
        },
        "x86_64-linux": {
          "outputs": [
            {
              "name": "out",
              "path": "/nix/store/xssq3lr614ym5jsaszz3ajr0dngbhgsb-python3.13-mitmproxy-12.2.1",
              "default": true
            },
            {
              "name": "dist",
              "path": "/nix/store/d6jrhjv4w851b26p6l49q20aiv6s0h9s-python3.13-mitmproxy-12.2.1-dist"
            }
          ],
          "store_path": "/nix/store/xssq3lr614ym5jsaszz3ajr0dngbhgsb-python3.13-mitmproxy-12.2.1"
        }
      }
    },
    "mkcert@latest": {
      "last_modified": "2025-12-31T03:27:36Z",
      "resolved": "github:NixOS/nixpkgs/f665af0cdb70ed27e1bd8f9fdfecaf451260fc55#mkcert",
      "source": "devbox-search",
      "version": "1.4.4",
      "systems": {
        "aarch64-darwin": {
          "outputs": [
            {
              "name": "out",
              "path": "/nix/store/1cbvg07f96s4qjs5j9yjsmygg3r1ai3s-mkcert-1.4.4",
              "default": true
            }
          ],
          "store_path": "/nix/store/1cbvg07f96s4qjs5j9yjsmygg3r1ai3s-mkcert-1.4.4"
        },
        "aarch64-linux": {
          "outputs": [
            {
              "name": "out",
              "path": "/nix/store/icnkpzbmkgyi2yh6f9zaxiyn2ilcdr3s-mkcert-1.4.4",
              "default": true
            }
          ],
          "store_path": "/nix/store/icnkpzbmkgyi2yh6f9zaxiyn2ilcdr3s-mkcert-1.4.4"
        },
        "x86_64-darwin": {
          "outputs": [
            {
              "name": "out",
              "path": "/nix/store/rcaxnhf4d40qsn33b7yarm277ibjx03b-mkcert-1.4.4",
              "default": true
            }
          ],
          "store_path": "/nix/store/rcaxnhf4d40qsn33b7yarm277ibjx03b-mkcert-1.4.4"
        },
        "x86_64-linux": {
          "outputs": [
            {
              "name": "out",
              "path": "/nix/store/mgv8fsgijrbc7qlj007nsaxy63312nqs-mkcert-1.4.4",
              "default": true
            }
          ],
          "store_path": "/nix/store/mgv8fsgijrbc7qlj007nsaxy63312nqs-mkcert-1.4.4"
        }
      }
    },
    "nix-prefetch-docker@latest": {
      "last_modified": "2026-01-09T13:41:53Z",
      "resolved": "github:NixOS/nixpkgs/5f02c91314c8ba4afe83b256b023756412218535#nix-prefetch-docker",
      "source": "devbox-search",
      "systems": {
        "aarch64-darwin": {
          "outputs": [
            {
              "name": "out",
              "path": "/nix/store/96zsfqrwvz0wrsnvpxqfx2mggskd817a-nix-prefetch-docker",
              "default": true
            }
          ],
          "store_path": "/nix/store/96zsfqrwvz0wrsnvpxqfx2mggskd817a-nix-prefetch-docker"
        },
        "aarch64-linux": {
          "outputs": [
            {
              "name": "out",
              "path": "/nix/store/q8gskfsml43lqn13f2s3jz3pc0ar09zj-nix-prefetch-docker",
              "default": true
            }
          ],
          "store_path": "/nix/store/q8gskfsml43lqn13f2s3jz3pc0ar09zj-nix-prefetch-docker"
        },
        "x86_64-darwin": {
          "outputs": [
            {
              "name": "out",
              "path": "/nix/store/fifqnf9n38dcvd4naba2w4aykrn7w99j-nix-prefetch-docker",
              "default": true
            }
          ],
          "store_path": "/nix/store/fifqnf9n38dcvd4naba2w4aykrn7w99j-nix-prefetch-docker"
        },
        "x86_64-linux": {
          "outputs": [
            {
              "name": "out",
              "path": "/nix/store/pnrd9a6367cf2dbmx3fqdxxdfg8zi47z-nix-prefetch-docker",
              "default": true
            }
          ],
          "store_path": "/nix/store/pnrd9a6367cf2dbmx3fqdxxdfg8zi47z-nix-prefetch-docker"
        }
      }
    },
    "nixos-anywhere@latest": {
      "last_modified": "2026-01-09T13:41:53Z",
      "resolved": "github:NixOS/nixpkgs/5f02c91314c8ba4afe83b256b023756412218535#nixos-anywhere",
      "source": "devbox-search",
      "version": "1.13.0",
      "systems": {
        "aarch64-darwin": {
          "outputs": [
            {
              "name": "out",
              "path": "/nix/store/m02snni5sj8frifjx951x3fz8p5cmmjf-nixos-anywhere-1.13.0",
              "default": true
            }
          ],
          "store_path": "/nix/store/m02snni5sj8frifjx951x3fz8p5cmmjf-nixos-anywhere-1.13.0"
        },
        "aarch64-linux": {
          "outputs": [
            {
              "name": "out",
              "path": "/nix/store/2n8ply21lk3imhk7frw9ymzvwc2ayrz9-nixos-anywhere-1.13.0",
              "default": true
            }
          ],
          "store_path": "/nix/store/2n8ply21lk3imhk7frw9ymzvwc2ayrz9-nixos-anywhere-1.13.0"
        },
        "x86_64-darwin": {
          "outputs": [
            {
              "name": "out",
              "path": "/nix/store/39qiwm7igrbb7gz81s0ld3j679759zj2-nixos-anywhere-1.13.0",
              "default": true
            }
          ],
          "store_path": "/nix/store/39qiwm7igrbb7gz81s0ld3j679759zj2-nixos-anywhere-1.13.0"
        },
        "x86_64-linux": {
          "outputs": [
            {
              "name": "out",
              "path": "/nix/store/4qygp86lj78f167w6hz30mral1h9qq1j-nixos-anywhere-1.13.0",
              "default": true
            }
          ],
          "store_path": "/nix/store/4qygp86lj78f167w6hz30mral1h9qq1j-nixos-anywhere-1.13.0"
        }
      }
    },
    "nodejs@latest": {
      "last_modified": "2026-01-02T14:39:32Z",
      "plugin_version": "0.0.2",
      "resolved": "github:NixOS/nixpkgs/16c7794d0a28b5a37904d55bcca36003b9109aaa#nodejs_25",
      "source": "devbox-search",
      "version": "25.2.1",
      "systems": {
        "aarch64-darwin": {
          "outputs": [
            {
              "name": "out",
              "path": "/nix/store/dwqksglz5298j1ba41cjnvg8fdgb3ih7-nodejs-25.2.1",
              "default": true
            },
            {
              "name": "dev",
              "path": "/nix/store/rw7v0j0xwfgayjljf0f00xci198nswsq-nodejs-25.2.1-dev"
            },
            {
              "name": "libv8",
              "path": "/nix/store/06slplspzy3a6q6pchib3rrvl8hglfc7-nodejs-25.2.1-libv8"
            }
          ],
          "store_path": "/nix/store/dwqksglz5298j1ba41cjnvg8fdgb3ih7-nodejs-25.2.1"
        },
        "aarch64-linux": {
          "outputs": [
            {
              "name": "out",
              "path": "/nix/store/8wcvwksrc3kha6lshrpl6ikvfbwbbzkk-nodejs-25.2.1",
              "default": true
            },
            {
              "name": "dev",
              "path": "/nix/store/mjqflb26bhh03ykg0axpjackmn92rvyi-nodejs-25.2.1-dev"
            },
            {
              "name": "libv8",
              "path": "/nix/store/aa814m7syc6ck2r7rj6mqqi2w34ayr83-nodejs-25.2.1-libv8"
            }
          ],
          "store_path": "/nix/store/8wcvwksrc3kha6lshrpl6ikvfbwbbzkk-nodejs-25.2.1"
        },
        "x86_64-darwin": {
          "outputs": [
            {
              "name": "out",
              "path": "/nix/store/kbwr9hwcvdd3kj4sv9v5qapjkxnc935i-nodejs-25.2.1",
              "default": true
            },
            {
              "name": "dev",
              "path": "/nix/store/gx16wbvvpnlg8yn0irh6vs0n8wza17kq-nodejs-25.2.1-dev"
            },
            {
              "name": "libv8",
              "path": "/nix/store/hmwr6jmrk99mjfccpifzkkgj02lijsgi-nodejs-25.2.1-libv8"
            }
          ],
          "store_path": "/nix/store/kbwr9hwcvdd3kj4sv9v5qapjkxnc935i-nodejs-25.2.1"
        },
        "x86_64-linux": {
          "outputs": [
            {
              "name": "out",
              "path": "/nix/store/dhrcmdyf3xd15gxl4ivps26w934cq32p-nodejs-25.2.1",
              "default": true
            },
            {
              "name": "dev",
              "path": "/nix/store/lzmm68m20ib352d3jxvy032qdv2giia4-nodejs-25.2.1-dev"
            },
            {
              "name": "libv8",
              "path": "/nix/store/g21k8vv3vjnqbb1jkyjs24ydybv8zxcl-nodejs-25.2.1-libv8"
            }
          ],
          "store_path": "/nix/store/dhrcmdyf3xd15gxl4ivps26w934cq32p-nodejs-25.2.1"
        }
      }
    },
    "openssl@latest": {
      "last_modified": "2025-12-05T06:24:47Z",
      "resolved": "github:NixOS/nixpkgs/42e29df35be6ef54091d3a3b4e97056ce0a98ce8#openssl",
      "source": "devbox-search",
      "version": "3.6.0",
      "systems": {
        "aarch64-darwin": {
          "outputs": [
            {
              "name": "bin",
              "path": "/nix/store/z9prisxci5h5lsk3rdknd4jzq7k9q13d-openssl-3.6.0-bin",
              "default": true
            },
            {
              "name": "man",
              "path": "/nix/store/ii9mnzr3i92mgk9dkgg65739mavd0j6f-openssl-3.6.0-man",
              "default": true
            },
            {
              "name": "dev",
              "path": "/nix/store/h0qgqik0mk0wn7rmm2kk3grfi1wzly74-openssl-3.6.0-dev"
            },
            {
              "name": "doc",
              "path": "/nix/store/yx3ip21fdaaxpjn5fbir02mqnaw9cm4f-openssl-3.6.0-doc"
            },
            {
              "name": "out",
              "path": "/nix/store/3z54dgks2mz3dhwddj158sdibll8xmq5-openssl-3.6.0"
            }
          ],
          "store_path": "/nix/store/z9prisxci5h5lsk3rdknd4jzq7k9q13d-openssl-3.6.0-bin"
        },
        "aarch64-linux": {
          "outputs": [
            {
              "name": "bin",
              "path": "/nix/store/wb6q44n9kcb5acmaa4rgqsajadx1fhhl-openssl-3.6.0-bin",
              "default": true
            },
            {
              "name": "man",
              "path": "/nix/store/c9n1alb7ypzjvzd47m16fiwfczz23qs3-openssl-3.6.0-man",
              "default": true
            },
            {
              "name": "debug",
              "path": "/nix/store/ci6d4k1sj4bnr892lsrqqmjiihqsk0bl-openssl-3.6.0-debug"
            },
            {
              "name": "dev",
              "path": "/nix/store/pq8b7fb3282g68pmk14mbyi20qn6chid-openssl-3.6.0-dev"
            },
            {
              "name": "doc",
              "path": "/nix/store/vaplp6w56dyz38986bgkf0pbg3r486b2-openssl-3.6.0-doc"
            },
            {
              "name": "out",
              "path": "/nix/store/nj50gkyx813dxvfmsg1q8m330hmf3h86-openssl-3.6.0"
            }
          ],
          "store_path": "/nix/store/wb6q44n9kcb5acmaa4rgqsajadx1fhhl-openssl-3.6.0-bin"
        },
        "x86_64-darwin": {
          "outputs": [
            {
              "name": "bin",
              "path": "/nix/store/m3xwn9n0jypwjgi256idfzs979g30j29-openssl-3.6.0-bin",
              "default": true
            },
            {
              "name": "man",
              "path": "/nix/store/hw43f3y1vl7ydrd4samnwnrwqqwkpisv-openssl-3.6.0-man",
              "default": true
            },
            {
              "name": "dev",
              "path": "/nix/store/dirjrfjk8jgsbdpslgb51cav6qaxn2vm-openssl-3.6.0-dev"
            },
            {
              "name": "doc",
              "path": "/nix/store/va1zhkz0nfmycvd0h239hi4w40qgaxcx-openssl-3.6.0-doc"
            },
            {
              "name": "out",
              "path": "/nix/store/q9a4wssx24xsy28w8kifdqizc01fh7sc-openssl-3.6.0"
            }
          ],
          "store_path": "/nix/store/m3xwn9n0jypwjgi256idfzs979g30j29-openssl-3.6.0-bin"
        },
        "x86_64-linux": {
          "outputs": [
            {
              "name": "bin",
              "path": "/nix/store/k0gl1zc7f5hk87lylxwbipb0b870bcmk-openssl-3.6.0-bin",
              "default": true
            },
            {
              "name": "man",
              "path": "/nix/store/a9jdl6xq9fc98ykpvqmc9kf0b0j9y8wh-openssl-3.6.0-man",
              "default": true
            },
            {
              "name": "debug",
              "path": "/nix/store/sqv8kbdgfxlr2d6nysr8c2715qpsi6f5-openssl-3.6.0-debug"
            },
            {
              "name": "dev",
              "path": "/nix/store/ydrckgnllgg8nmhdwni81h7xhcpnrlhd-openssl-3.6.0-dev"
            },
            {
              "name": "doc",
              "path": "/nix/store/cgp9ig35iwicfb9spcrgyg2m5dmlcgrv-openssl-3.6.0-doc"
            },
            {
              "name": "out",
              "path": "/nix/store/61i74yjkj9p1qphfl7018ja4sdwkipx0-openssl-3.6.0"
            }
          ],
          "store_path": "/nix/store/k0gl1zc7f5hk87lylxwbipb0b870bcmk-openssl-3.6.0-bin"
        }
      }
    },
    "pgcli@latest": {
      "last_modified": "2025-12-31T03:27:36Z",
      "resolved": "github:NixOS/nixpkgs/f665af0cdb70ed27e1bd8f9fdfecaf451260fc55#pgcli",
      "source": "devbox-search",
      "version": "4.3.0",
      "systems": {
        "aarch64-darwin": {
          "outputs": [
            {
              "name": "out",
              "path": "/nix/store/zmhadkhx78flzyfcpllaiz06y0pq4053-python3.13-pgcli-4.3.0",
              "default": true
            },
            {
              "name": "dist",
              "path": "/nix/store/f5bjqgr80zqxj9f2yiyddki0jw9f83ri-python3.13-pgcli-4.3.0-dist"
            }
          ],
          "store_path": "/nix/store/zmhadkhx78flzyfcpllaiz06y0pq4053-python3.13-pgcli-4.3.0"
        },
        "aarch64-linux": {
          "outputs": [
            {
              "name": "out",
              "path": "/nix/store/8sig82ck6mcnmsd6l9d2aizjwpzzvdmg-python3.13-pgcli-4.3.0",
              "default": true
            },
            {
              "name": "dist",
              "path": "/nix/store/q7803zsmjsq3z6p4qv4lwz3yr80c19m1-python3.13-pgcli-4.3.0-dist"
            }
          ],
          "store_path": "/nix/store/8sig82ck6mcnmsd6l9d2aizjwpzzvdmg-python3.13-pgcli-4.3.0"
        },
        "x86_64-darwin": {
          "outputs": [
            {
              "name": "out",
              "path": "/nix/store/v0zjqd8nm5yvdg1qk078drp6v31hq4h3-python3.13-pgcli-4.3.0",
              "default": true
            },
            {
              "name": "dist",
              "path": "/nix/store/1lkcs1947jfrf3z38iavrxjnsfy3hwcp-python3.13-pgcli-4.3.0-dist"
            }
          ],
          "store_path": "/nix/store/v0zjqd8nm5yvdg1qk078drp6v31hq4h3-python3.13-pgcli-4.3.0"
        },
        "x86_64-linux": {
          "outputs": [
            {
              "name": "out",
              "path": "/nix/store/lzxkyfsa5h7mz4lgb24bs14d3f1fcnf0-python3.13-pgcli-4.3.0",
              "default": true
            },
            {
              "name": "dist",
              "path": "/nix/store/6pn3nay4mfb5bb9m56gmbxci79s3682z-python3.13-pgcli-4.3.0-dist"
            }
          ],
          "store_path": "/nix/store/lzxkyfsa5h7mz4lgb24bs14d3f1fcnf0-python3.13-pgcli-4.3.0"
        }
      }
    },
    "prefetch-npm-deps@latest": {
      "last_modified": "2025-12-31T03:27:36Z",
      "resolved": "github:NixOS/nixpkgs/f665af0cdb70ed27e1bd8f9fdfecaf451260fc55#prefetch-npm-deps",
      "source": "devbox-search",
      "version": "0.1.0",
      "systems": {
        "aarch64-darwin": {
          "outputs": [
            {
              "name": "out",
              "path": "/nix/store/9as25k5ryqlmd8xd6dj2jl5ddfvsv8ld-prefetch-npm-deps-0.1.0",
              "default": true
            }
          ],
          "store_path": "/nix/store/9as25k5ryqlmd8xd6dj2jl5ddfvsv8ld-prefetch-npm-deps-0.1.0"
        },
        "aarch64-linux": {
          "outputs": [
            {
              "name": "out",
              "path": "/nix/store/psijhahzg9p4cr90h1jwgp8gp1bjzjnn-prefetch-npm-deps-0.1.0",
              "default": true
            }
          ],
          "store_path": "/nix/store/psijhahzg9p4cr90h1jwgp8gp1bjzjnn-prefetch-npm-deps-0.1.0"
        },
        "x86_64-darwin": {
          "outputs": [
            {
              "name": "out",
              "path": "/nix/store/vjzg1lla9g54f2bd60iisvryydzlcc7f-prefetch-npm-deps-0.1.0",
              "default": true
            }
          ],
          "store_path": "/nix/store/vjzg1lla9g54f2bd60iisvryydzlcc7f-prefetch-npm-deps-0.1.0"
        },
        "x86_64-linux": {
          "outputs": [
            {
              "name": "out",
              "path": "/nix/store/hz4l17xdh3iqpx5km15yd8y31hzcyg54-prefetch-npm-deps-0.1.0",
              "default": true
            }
          ],
          "store_path": "/nix/store/hz4l17xdh3iqpx5km15yd8y31hzcyg54-prefetch-npm-deps-0.1.0"
        }
      }
    },
    "skopeo@latest": {
      "last_modified": "2025-12-31T03:27:36Z",
      "resolved": "github:NixOS/nixpkgs/f665af0cdb70ed27e1bd8f9fdfecaf451260fc55#skopeo",
      "source": "devbox-search",
      "version": "1.21.0",
      "systems": {
        "aarch64-darwin": {
          "outputs": [
            {
              "name": "out",
              "path": "/nix/store/hcxgis05fr4yry8cqzxqrlv28piycaqs-skopeo-1.21.0",
              "default": true
            },
            {
              "name": "man",
              "path": "/nix/store/86q23cyfw8fnrlxgfh2xc8xhpa6xbvz0-skopeo-1.21.0-man",
              "default": true
            }
          ],
          "store_path": "/nix/store/hcxgis05fr4yry8cqzxqrlv28piycaqs-skopeo-1.21.0"
        },
        "aarch64-linux": {
          "outputs": [
            {
              "name": "out",
              "path": "/nix/store/3hdq9x1xxgf78rn6slh9j1p5hrrq3lgf-skopeo-1.21.0",
              "default": true
            },
            {
              "name": "man",
              "path": "/nix/store/xhihq40nag1kf73nlqv2f9aqyvkjmym1-skopeo-1.21.0-man",
              "default": true
            }
          ],
          "store_path": "/nix/store/3hdq9x1xxgf78rn6slh9j1p5hrrq3lgf-skopeo-1.21.0"
        },
        "x86_64-darwin": {
          "outputs": [
            {
              "name": "out",
              "path": "/nix/store/4r8p0a9hhpa9cx11fjkj34hlbsjh9kwl-skopeo-1.21.0",
              "default": true
            },
            {
              "name": "man",
              "path": "/nix/store/hxafa1igsxf3xfhw54pgcffkwrwlp9wx-skopeo-1.21.0-man",
              "default": true
            }
          ],
          "store_path": "/nix/store/4r8p0a9hhpa9cx11fjkj34hlbsjh9kwl-skopeo-1.21.0"
        },
        "x86_64-linux": {
          "outputs": [
            {
              "name": "out",
              "path": "/nix/store/rlrkdg03v0jqys1ix5hnh1iv907hrar7-skopeo-1.21.0",
              "default": true
            },
            {
              "name": "man",
              "path": "/nix/store/4mm9qg965qdkxd2wy9js9wk2hsk78kg8-skopeo-1.21.0-man",
              "default": true
            }
          ],
          "store_path": "/nix/store/rlrkdg03v0jqys1ix5hnh1iv907hrar7-skopeo-1.21.0"
        }
      }
    },
    "xh@latest": {
      "last_modified": "2025-12-31T03:27:36Z",
      "resolved": "github:NixOS/nixpkgs/f665af0cdb70ed27e1bd8f9fdfecaf451260fc55#xh",
      "source": "devbox-search",
      "version": "0.25.3",
      "systems": {
        "aarch64-darwin": {
          "outputs": [
            {
              "name": "out",
              "path": "/nix/store/3hqh5rfg93b3ddqpm3m5z82mmdamx8d8-xh-0.25.3",
              "default": true
            }
          ],
          "store_path": "/nix/store/3hqh5rfg93b3ddqpm3m5z82mmdamx8d8-xh-0.25.3"
        },
        "aarch64-linux": {
          "outputs": [
            {
              "name": "out",
              "path": "/nix/store/gx8iax0jvwaxrvwly1lzdfs254ng46b4-xh-0.25.3",
              "default": true
            }
          ],
          "store_path": "/nix/store/gx8iax0jvwaxrvwly1lzdfs254ng46b4-xh-0.25.3"
        },
        "x86_64-darwin": {
          "outputs": [
            {
              "name": "out",
              "path": "/nix/store/15bw0hfyqbdxb80mprf78pnlqh11a261-xh-0.25.3",
              "default": true
            }
          ],
          "store_path": "/nix/store/15bw0hfyqbdxb80mprf78pnlqh11a261-xh-0.25.3"
        },
        "x86_64-linux": {
          "outputs": [
            {
              "name": "out",
              "path": "/nix/store/lpxy70nrmfqdqcbpwvf8yakv8l6d582s-xh-0.25.3",
              "default": true
            }
          ],
          "store_path": "/nix/store/lpxy70nrmfqdqcbpwvf8yakv8l6d582s-xh-0.25.3"
        }
      }
    }
  }
}
